
Microsoft Visual Studio Solution File, Format Version 12.00
# Visual Studio 15
VisualStudioVersion = 15.0.27428.2043
MinimumVisualStudioVersion = 10.0.40219.1
Project("{FAE04EC0-301F-11D3-BF4B-00C04F79EFBC}") = "AciResourceAccess", "AciResourceAccess\AciResourceAccess.csproj", "{72908DBD-C520-4CB6-83C8-F93A43DD9217}"
EndProject
Global
	GlobalSection(SolutionConfigurationPlatforms) = preSolution
		Debug|Any CPU = Debug|Any CPU
		Release|Any CPU = Release|Any CPU
	EndGlobalSection
	GlobalSection(ProjectConfigurationPlatforms) = postSolution
		{72908DBD-C520-4CB6-83C8-F93A43DD9217}.Debug|Any CPU.ActiveCfg = Debug|Any CPU
		{72908DBD-C520-4CB6-83C8-F93A43DD9217}.Debug|Any CPU.Build.0 = Debug|Any CPU
		{72908DBD-C520-4CB6-83C8-F93A43DD9217}.Release|Any CPU.ActiveCfg = Release|Any CPU
		{72908DBD-C520-4CB6-83C8-F93A43DD9217}.Release|Any CPU.Build.0 = Release|Any CPU
	EndGlobalSection
	GlobalSection(SolutionProperties) = preSolution
		HideSolutionNode = FALSE
	EndGlobalSection
	GlobalSection(ExtensibilityGlobals) = postSolution
		SolutionGuid = {7CC732D3-D9AD-4C9E-B9F9-5E1539405968}
	EndGlobalSection
EndGlobal
